
Microsoft Visual Studio Solution File, Format Version 12.00
# Visual Studio 2012
Project("{FAE04EC0-301F-11D3-BF4B-00C04F79EFBC}") = "PADIClient", "PadiClient\PADIClient.csproj", "{A1D247CC-A9E0-49E3-963C-850780BEDCA6}"
	ProjectSection(ProjectDependencies) = postProject
		{C62B18BE-B166-43AC-B34F-E61D1028B12B} = {C62B18BE-B166-43AC-B34F-E61D1028B12B}
	EndProjectSection
EndProject
Project("{FAE04EC0-301F-11D3-BF4B-00C04F79EFBC}") = "PADIServer", "PadiServer\PADIServer.csproj", "{D873B26D-AC33-47FC-9E26-BD2B25814EF1}"
	ProjectSection(ProjectDependencies) = postProject
		{C62B18BE-B166-43AC-B34F-E61D1028B12B} = {C62B18BE-B166-43AC-B34F-E61D1028B12B}
	EndProjectSection
EndProject
Project("{FAE04EC0-301F-11D3-BF4B-00C04F79EFBC}") = "PADIMaster", "PadiMaster\PADIMaster.csproj", "{F2610138-1615-40C9-96BD-2B60251FC4B4}"
	ProjectSection(ProjectDependencies) = postProject
		{C62B18BE-B166-43AC-B34F-E61D1028B12B} = {C62B18BE-B166-43AC-B34F-E61D1028B12B}
	EndProjectSection
EndProject
Project("{FAE04EC0-301F-11D3-BF4B-00C04F79EFBC}") = "DSTMLib", "DstmLib\DSTMLib.csproj", "{C62B18BE-B166-43AC-B34F-E61D1028B12B}"
EndProject
Global
	GlobalSection(SolutionConfigurationPlatforms) = preSolution
		Debug|Any CPU = Debug|Any CPU
		Release|Any CPU = Release|Any CPU
	EndGlobalSection
	GlobalSection(ProjectConfigurationPlatforms) = postSolution
		{A1D247CC-A9E0-49E3-963C-850780BEDCA6}.Debug|Any CPU.ActiveCfg = Debug|Any CPU
		{A1D247CC-A9E0-49E3-963C-850780BEDCA6}.Debug|Any CPU.Build.0 = Debug|Any CPU
		{A1D247CC-A9E0-49E3-963C-850780BEDCA6}.Release|Any CPU.ActiveCfg = Release|Any CPU
		{A1D247CC-A9E0-49E3-963C-850780BEDCA6}.Release|Any CPU.Build.0 = Release|Any CPU
		{D873B26D-AC33-47FC-9E26-BD2B25814EF1}.Debug|Any CPU.ActiveCfg = Debug|Any CPU
		{D873B26D-AC33-47FC-9E26-BD2B25814EF1}.Debug|Any CPU.Build.0 = Debug|Any CPU
		{D873B26D-AC33-47FC-9E26-BD2B25814EF1}.Release|Any CPU.ActiveCfg = Release|Any CPU
		{D873B26D-AC33-47FC-9E26-BD2B25814EF1}.Release|Any CPU.Build.0 = Release|Any CPU
		{F2610138-1615-40C9-96BD-2B60251FC4B4}.Debug|Any CPU.ActiveCfg = Debug|Any CPU
		{F2610138-1615-40C9-96BD-2B60251FC4B4}.Debug|Any CPU.Build.0 = Debug|Any CPU
		{F2610138-1615-40C9-96BD-2B60251FC4B4}.Release|Any CPU.ActiveCfg = Release|Any CPU
		{F2610138-1615-40C9-96BD-2B60251FC4B4}.Release|Any CPU.Build.0 = Release|Any CPU
		{C62B18BE-B166-43AC-B34F-E61D1028B12B}.Debug|Any CPU.ActiveCfg = Debug|Any CPU
		{C62B18BE-B166-43AC-B34F-E61D1028B12B}.Debug|Any CPU.Build.0 = Debug|Any CPU
		{C62B18BE-B166-43AC-B34F-E61D1028B12B}.Release|Any CPU.ActiveCfg = Release|Any CPU
		{C62B18BE-B166-43AC-B34F-E61D1028B12B}.Release|Any CPU.Build.0 = Release|Any CPU
	EndGlobalSection
	GlobalSection(SolutionProperties) = preSolution
		HideSolutionNode = FALSE
	EndGlobalSection
EndGlobal
